
Microsoft Visual Studio Solution File, Format Version 12.00
# Visual Studio Version 16
VisualStudioVersion = 16.0.30907.101
MinimumVisualStudioVersion = 10.0.40219.1
Project("{9A19103F-16F7-4668-BE54-9A1E7A4F7556}") = "Avengers-Bio-Lister", "Avengers-Bio-Lister.csproj", "{C2EF3455-20AB-486B-A543-6BFACCE09A0B}"
EndProject
Project("{FAE04EC0-301F-11D3-BF4B-00C04F79EFBC}") = "Avengers-Bio-ListerTests", "..\Avengers-Bio-ListerTests\Avengers-Bio-ListerTests.csproj", "{AA025F3C-0CE6-4D57-82A1-777356640BCA}"
EndProject
Global
	GlobalSection(SolutionConfigurationPlatforms) = preSolution
		Debug|Any CPU = Debug|Any CPU
		Release|Any CPU = Release|Any CPU
	EndGlobalSection
	GlobalSection(ProjectConfigurationPlatforms) = postSolution
		{C2EF3455-20AB-486B-A543-6BFACCE09A0B}.Debug|Any CPU.ActiveCfg = Debug|Any CPU
		{C2EF3455-20AB-486B-A543-6BFACCE09A0B}.Debug|Any CPU.Build.0 = Debug|Any CPU
		{C2EF3455-20AB-486B-A543-6BFACCE09A0B}.Release|Any CPU.ActiveCfg = Release|Any CPU
		{C2EF3455-20AB-486B-A543-6BFACCE09A0B}.Release|Any CPU.Build.0 = Release|Any CPU
		{AA025F3C-0CE6-4D57-82A1-777356640BCA}.Debug|Any CPU.ActiveCfg = Debug|Any CPU
		{AA025F3C-0CE6-4D57-82A1-777356640BCA}.Debug|Any CPU.Build.0 = Debug|Any CPU
		{AA025F3C-0CE6-4D57-82A1-777356640BCA}.Release|Any CPU.ActiveCfg = Release|Any CPU
		{AA025F3C-0CE6-4D57-82A1-777356640BCA}.Release|Any CPU.Build.0 = Release|Any CPU
	EndGlobalSection
	GlobalSection(SolutionProperties) = preSolution
		HideSolutionNode = FALSE
	EndGlobalSection
	GlobalSection(ExtensibilityGlobals) = postSolution
		SolutionGuid = {F407B659-E743-4C1F-B733-EED3FB4364BF}
	EndGlobalSection
EndGlobal
